# This file is automatically @generated by Cargo.
# It is not intended for manual editing.
version = 3

[[package]]
name = "bytemuck"
version = "1.14.3"
source = "registry+https://github.com/rust-lang/crates.io-index"
checksum = "a2ef034f05691a48569bd920a96c81b9d91bbad1ab5ac7c4616c1f6ef36cb79f"

[[package]]
name = "example_3d_next"
version = "0.1.0"
dependencies = [
 "gamercade_rs",
 "glam",
 "wide",
]

[[package]]
name = "gamercade_rs"
version = "0.1.2"
source = "registry+https://github.com/rust-lang/crates.io-index"
checksum = "5dbfea47319a09283ff8138f9783052c480bc878ab14322d15fd061ecd095bbd"
dependencies = [
 "paste",
]

[[package]]
name = "glam"
version = "0.25.0"
source = "registry+https://github.com/rust-lang/crates.io-index"
checksum = "151665d9be52f9bb40fc7966565d39666f2d1e69233571b71b87791c7e0528b3"

[[package]]
name = "paste"
version = "1.0.14"
source = "registry+https://github.com/rust-lang/crates.io-index"
checksum = "de3145af08024dea9fa9914f381a17b8fc6034dfb00f3a84013f7ff43f29ed4c"

[[package]]
name = "safe_arch"
version = "0.7.1"
source = "registry+https://github.com/rust-lang/crates.io-index"
checksum = "f398075ce1e6a179b46f51bd88d0598b92b00d3551f1a2d4ac49e771b56ac354"
dependencies = [
 "bytemuck",
]

[[package]]
name = "wide"
version = "0.7.15"
source = "registry+https://github.com/rust-lang/crates.io-index"
checksum = "89beec544f246e679fc25490e3f8e08003bc4bf612068f325120dad4cea02c1c"
dependencies = [
 "bytemuck",
 "safe_arch",
]
